lockfileVersion: '9.0'

settings:
  autoInstallPeers: true
  excludeLinksFromLockfile: false

importers:

  .:
    dependencies:
      simple-icons:
        specifier: ^16.2.0
        version: 16.2.0
    devDependencies:
      '@typescript/native-preview':
        specifier: 7.0.0-dev.20251215.1
        version: 7.0.0-dev.20251215.1
      oxfmt:
        specifier: ^0.18.0
        version: 0.18.0
      oxlint:
        specifier: ^1.33.0
        version: 1.33.0(oxlint-tsgolint@0.9.1)
      oxlint-tsgolint:
        specifier: ^0.9.1
        version: 0.9.1
      vite:
        specifier: 8.0.0-beta.2
        version: 8.0.0-beta.2
      vite-plugin-monkey:
        specifier: ^7.1.8
        version: 7.1.8(postcss@8.5.6)(vite@8.0.0-beta.2)

packages:

  '@emnapi/core@1.7.1':
    resolution: {integrity: sha512-o1uhUASyo921r2XtHYOHy7gdkGLge8ghBEQHMWmyJFoXlpU58kIrhhN3w26lpQb6dspetweapMn2CSNwQ8I4wg==}

  '@emnapi/runtime@1.7.1':
    resolution: {integrity: sha512-PVtJr5CmLwYAU9PZDMITZoR5iAOShYREoR45EyyLrbntV50mdePTgUn4AmOw90Ifcj+x2kRjdzr1HP3RrNiHGA==}

  '@emnapi/wasi-threads@1.1.0':
    resolution: {integrity: sha512-WI0DdZ8xFSbgMjR1sFsKABJ/C5OnRrjT06JXbZKexJGrDuPTzZdDYfFlsgcCXCyf+suG5QU2e/y1Wo2V/OapLQ==}

  '@jridgewell/sourcemap-codec@1.5.5':
    resolution: {integrity: sha512-cYQ9310grqxueWbl+WuIUIaiUaDcj7WOq5fVhEljNVgRfOUhY9fy2zTvfoqWsnebh8Sl70VScFbICvJnLKB0Og==}

  '@napi-rs/wasm-runtime@1.1.0':
    resolution: {integrity: sha512-Fq6DJW+Bb5jaWE69/qOE0D1TUN9+6uWhCeZpdnSBk14pjLcCWR7Q8n49PTSPHazM37JqrsdpEthXy2xn6jWWiA==}

  '@oxc-project/runtime@0.102.0':
    resolution: {integrity: sha512-vEDGxVIeeO+u5XCHD5+iSzWwC3DgRpEaf3lPZETC+6GnoRKHaxbxV6XqpbOhiY423RVkAbBEtfetfrjJjPWByA==}
    engines: {node: ^20.19.0 || >=22.12.0}

  '@oxc-project/types@0.102.0':
    resolution: {integrity: sha512-8Skrw405g+/UJPKWJ1twIk3BIH2nXdiVlVNtYT23AXVwpsd79es4K+KYt06Fbnkc5BaTvk/COT2JuCLYdwnCdA==}

  '@oxfmt/darwin-arm64@0.18.0':
    resolution: {integrity: sha512-Dp3mOFUtLtG/0eDclI3rx2be5FEnUxh2T6zlq7Zx5Q1c+DS9LJF8H97nQx+O/OU+o0e0J90kN8Msf9v3j7Hhsg==}
    cpu: [arm64]
    os: [darwin]

  '@oxfmt/darwin-x64@0.18.0':
    resolution: {integrity: sha512-Oe3KS4tdfLq+f1Ebje7D9BF7/0xmBYSMN6dWatSko1xfvu8oCZzKcNCcbwz0a8rBnoH/BnIiGFUEbgJDnA/JLQ==}
    cpu: [x64]
    os: [darwin]

  '@oxfmt/linux-arm64-gnu@0.18.0':
    resolution: {integrity: sha512-zW9z8LrAgL9bswgsaFOnQmoImCbq9YQST8B15FAoTeZYr9sb/VfdD6/PQEBLCptYlFmoTvmDNHjppi9g61NwHQ==}
    cpu: [arm64]
    os: [linux]

  '@oxfmt/linux-arm64-musl@0.18.0':
    resolution: {integrity: sha512-mFnpcasZZv1s/+6YDPradhIgR2G7GWr+mnzgJMIKQOJAtX3b0vzG+FE4f7hDIZPEUhC0hvZSd8f31FjAtrX0aQ==}
    cpu: [arm64]
    os: [linux]

  '@oxfmt/linux-x64-gnu@0.18.0':
    resolution: {integrity: sha512-G1AXQNHVkPgVgRrAvDYdNi0x3gkvVyEmpL6WLMwoSjMnwYWQLt5/jrndHbS2Db8/CcmMo6VPP8lUQGvM4TRVaQ==}
    cpu: [x64]
    os: [linux]

  '@oxfmt/linux-x64-musl@0.18.0':
    resolution: {integrity: sha512-M/KEIMHDr5lcK9gDxgIGr9xVwX7Pfl3PZs+6e8SySuckMgoJMkee6uWxhMdxws3dfU94saAkVmNQzM2+l3hvtA==}
    cpu: [x64]
    os: [linux]

  '@oxfmt/win32-arm64@0.18.0':
    resolution: {integrity: sha512-LunuNBTLOgfkYFjiHOeNHD/Ii5paO/GVyNPSEYBwEPULbdeMGnjHqxzQHLGU8QIQjwu55mp4uuBP0DAXTli2TQ==}
    cpu: [arm64]
    os: [win32]

  '@oxfmt/win32-x64@0.18.0':
    resolution: {integrity: sha512-0kJJwn4FPeGJ4uV6ofOCiY+oBKWg+RWpRjYc9bywTjDbxWR6JAqtuXkiARCJej8UD/rJeXnHYTF78sFALkwZyA==}
    cpu: [x64]
    os: [win32]

  '@oxlint-tsgolint/darwin-arm64@0.9.1':
    resolution: {integrity: sha512-vk+8kChWqN+F+QUOvp4/6jDTlDCzXPgYGkxdi6EOUSOmCP1ix0uYOlIi/ytH2imXmC8YfPgLR/1BhqbsuDKuew==}
    cpu: [arm64]
    os: [darwin]

  '@oxlint-tsgolint/darwin-x64@0.9.1':
    resolution: {integrity: sha512-yXmqr7El17+Oo56fWkPdUluU8d0jWxwRwAe1QZ0Xprxul9FHJeR/O2oYuBUngvCi02dbt0VZlwgJXcljQEdHlQ==}
    cpu: [x64]
    os: [darwin]

  '@oxlint-tsgolint/linux-arm64@0.9.1':
    resolution: {integrity: sha512-ukLb35BHSsxXaVEe8eIvYXMTxOdv8K4CySmtkWyc0pJT0q8zh85by1bsREWAP2hZc0wN0ClHjZHPdKY3958Jwg==}
    cpu: [arm64]
    os: [linux]

  '@oxlint-tsgolint/linux-x64@0.9.1':
    resolution: {integrity: sha512-kkxSS/meANLun4dHep2wnfvo8OHJKgdxzuY3RoooSWorVqw3/K5Qttmo0OQFt7UNq/oisn0YTaNhV28S0nAWyQ==}
    cpu: [x64]
    os: [linux]

  '@oxlint-tsgolint/win32-arm64@0.9.1':
    resolution: {integrity: sha512-F9tiZZRn3x+kjXJC8GAE5C5xkvD8b8unoFeh7mS5W4USAH8+AzYydzLev5rAW2uXdOqtkO30EJl0ygl68Zlb8w==}
    cpu: [arm64]
    os: [win32]

  '@oxlint-tsgolint/win32-x64@0.9.1':
    resolution: {integrity: sha512-DKTBgKUbycKNYgpWpglEHzkgiNVSG1rZmfiqw7w31keAq8q7avNGhz2WNmsRvXh8IGNw1PMb7vgxwUK8eyXIeg==}
    cpu: [x64]
    os: [win32]

  '@oxlint/darwin-arm64@1.33.0':
    resolution: {integrity: sha512-PmEQDLHAxiAdyttQ1ZWXd+5VpHLbHf3FTMJL9bg5TZamDnhNiW/v0Pamv3MTAdymnoDI3H8IVLAN/SAseV/adw==}
    cpu: [arm64]
    os: [darwin]

  '@oxlint/darwin-x64@1.33.0':
    resolution: {integrity: sha512-2R9aH3kR0X2M30z5agGikv3tfNTi8/uLhU5/tYktu33VGUXpbf0OLZSlD25UEuwOKAlf3RVtzV5oDyjoq93JuQ==}
    cpu: [x64]
    os: [darwin]

  '@oxlint/linux-arm64-gnu@1.33.0':
    resolution: {integrity: sha512-yb/k8GaMDgnX2LyO6km33kKItZ/n573SlbiHBBFU2HmeU7tzEHL5jHkHQXXcysUkapmqHd7UsDhOZDqPmXaQRg==}
    cpu: [arm64]
    os: [linux]

  '@oxlint/linux-arm64-musl@1.33.0':
    resolution: {integrity: sha512-03pt9IO1C4ZfVOW6SQiOK26mzklAhLM3Kc79OXpX1kgZRlxk+rvFoMhlgCOzn7tEdrEgbePkBoxNnwDnJDFqJQ==}
    cpu: [arm64]
    os: [linux]

  '@oxlint/linux-x64-gnu@1.33.0':
    resolution: {integrity: sha512-Z7ImLWM50FoVXzYvyxUQ+QwBkBfRyK4YdLEGonyAGMp7iT3DksonDaTK9ODnJ1qHyAyAZCvuqXD7AEDsDvzDbA==}
    cpu: [x64]
    os: [linux]

  '@oxlint/linux-x64-musl@1.33.0':
    resolution: {integrity: sha512-idb55Uzu5kkqqpMiVUfI9nP7zOqPZinQKsIRQAIU40wILcf/ijvhNZKIu3ucDMmye0n6IWOaSnxIRL5W2fNoUQ==}
    cpu: [x64]
    os: [linux]

  '@oxlint/win32-arm64@1.33.0':
    resolution: {integrity: sha512-wKKFt7cubfrLelNzdmDsNSmtBrlSUe1fWus587+uSxDZdpFbQ7liU0gsUlCbcHvym0H1Tc2O3K3cnLrgQORLPQ==}
    cpu: [arm64]
    os: [win32]

  '@oxlint/win32-x64@1.33.0':
    resolution: {integrity: sha512-ReyR8rNHjKNnO7dxGny9RCPELRAdhm3y780FNBcA07E1wvxSCkB+Mn5db0Pa5bRmxrsU/MTZ/aaBFa+ERXDdXw==}
    cpu: [x64]
    os: [win32]

  '@rolldown/binding-android-arm64@1.0.0-beta.54':
    resolution: {integrity: sha512-zZRx/ur3Fai3fxiEmVp48+6GCBR48PRWJR1X3TTMn9yiq2bBHlYPgBaQtDOYWXv5H3J5dXujeTyGnuoY+kdGCg==}
    engines: {node: ^20.19.0 || >=22.12.0}
    cpu: [arm64]
    os: [android]

  '@rolldown/binding-darwin-arm64@1.0.0-beta.54':
    resolution: {integrity: sha512-zMyFEJmbIs91x22HAA/eUvmZHgjX8tGsD3TJ+WC9aY4bCdl3w84H9vMZmChSHAF1dYvGNH4KQDI2IubeZaCYtg==}
    engines: {node: ^20.19.0 || >=22.12.0}
    cpu: [arm64]
    os: [darwin]

  '@rolldown/binding-darwin-x64@1.0.0-beta.54':
    resolution: {integrity: sha512-Ex7QttdaVnEpmE/zroUT5Qm10e2+Vjd9q0LX9eXm59SitxDODMpC8GI1Rct5RrLf4GLU4DzdXBj6DGzuR+6g6w==}
    engines: {node: ^20.19.0 || >=22.12.0}
    cpu: [x64]
    os: [darwin]

  '@rolldown/binding-freebsd-x64@1.0.0-beta.54':
    resolution: {integrity: sha512-E1XO10ryM/Vxw3Q1wvs9s2mSpVBfbHtzkbJcdu26qh17ZmVwNWLiIoqEcbkXm028YwkReG4Gd2gCZ3NxgTQ28Q==}
    engines: {node: ^20.19.0 || >=22.12.0}
    cpu: [x64]
    os: [freebsd]

  '@rolldown/binding-linux-arm-gnueabihf@1.0.0-beta.54':
    resolution: {integrity: sha512-oS73Uks8jczQR9pg0Bj718vap/x71exyJ5yuxu4X5V4MhwRQnky7ANSPm6ARUfraxOqt49IBfcMeGnw2rTSqdA==}
    engines: {node: ^20.19.0 || >=22.12.0}
    cpu: [arm]
    os: [linux]

  '@rolldown/binding-linux-arm64-gnu@1.0.0-beta.54':
    resolution: {integrity: sha512-pY8N2X5C+/ZQcy0eRdfOzOP//OFngP1TaIqDjFwfBPws2UNavKS8SpxhPEgUaYIaT0keVBd/TB+eVy9z+CIOtw==}
    engines: {node: ^20.19.0 || >=22.12.0}
    cpu: [arm64]
    os: [linux]

  '@rolldown/binding-linux-arm64-musl@1.0.0-beta.54':
    resolution: {integrity: sha512-cgTooAFm2MUmFriB7IYaWBNyqrGlRPKG+yaK2rGFl2rcdOcO24urY4p3eyB0ogqsRLvJbIxwjjYiWiIP7Eo1Cw==}
    engines: {node: ^20.19.0 || >=22.12.0}
    cpu: [arm64]
    os: [linux]

  '@rolldown/binding-linux-x64-gnu@1.0.0-beta.54':
    resolution: {integrity: sha512-nGyLT1Qau0W+kEL44V2jhHmvfS3wyJW08E4WEu2E6NuIy+uChKN1X0aoxzFIDi2owDsYaZYez/98/f268EupIQ==}
    engines: {node: ^20.19.0 || >=22.12.0}
    cpu: [x64]
    os: [linux]

  '@rolldown/binding-linux-x64-musl@1.0.0-beta.54':
    resolution: {integrity: sha512-KH374P0TUjDXssROT/orvzaWrzGOptD13PTrltgKwbDprJTMknoLiYsOD6Ttz92O2VuAcCtFuJ1xbyFM2Uo/Xg==}
    engines: {node: ^20.19.0 || >=22.12.0}
    cpu: [x64]
    os: [linux]

  '@rolldown/binding-openharmony-arm64@1.0.0-beta.54':
    resolution: {integrity: sha512-oMAVO4wbfAbhpBxPsSp8R7ntL2DchpNfO+tGhN8/sI9jsbYwOv78uIW1fTwOBslhjTVFltGJ+l23mubNQcYNaQ==}
    engines: {node: ^20.19.0 || >=22.12.0}
    cpu: [arm64]
    os: [openharmony]

  '@rolldown/binding-wasm32-wasi@1.0.0-beta.54':
    resolution: {integrity: sha512-MYY/FmY+HehHiQkNx04W5oLy/Fqd1hXYqZmmorSDXvAHnxMbSgmdFicKsSYOg/sVGHBMEP1tTn6kV5sWrS45rA==}
    engines: {node: '>=14.0.0'}
    cpu: [wasm32]

  '@rolldown/binding-win32-arm64-msvc@1.0.0-beta.54':
    resolution: {integrity: sha512-66o3uKxUmcYskT9exskxs3OVduXf5x0ndlMkYOjSpBgqzhLtkub136yDvZkNT1OkNDET0odSwcU7aWdpnwzAyg==}
    engines: {node: ^20.19.0 || >=22.12.0}
    cpu: [arm64]
    os: [win32]

  '@rolldown/binding-win32-x64-msvc@1.0.0-beta.54':
    resolution: {integrity: sha512-FbbbrboChLBXfeEsOfaypBGqzbdJ/CcSA2BPLCggojnIHy58Jo+AXV7HATY8opZk7194rRbokIT8AfPJtZAWtg==}
    engines: {node: ^20.19.0 || >=22.12.0}
    cpu: [x64]
    os: [win32]

  '@rolldown/pluginutils@1.0.0-beta.54':
    resolution: {integrity: sha512-AHgcZ+w7RIRZ65ihSQL8YuoKcpD9Scew4sEeP1BBUT9QdTo6KjwHrZZXjID6nL10fhKessCH6OPany2QKwAwTQ==}

  '@tybys/wasm-util@0.10.1':
    resolution: {integrity: sha512-9tTaPJLSiejZKx+Bmog4uSubteqTvFrVrURwkmHixBo0G4seD0zUxp98E1DzUBJxLQ3NPwXrGKDiVjwx/DpPsg==}

  '@typescript/native-preview-darwin-arm64@7.0.0-dev.20251215.1':
    resolution: {integrity: sha512-+5/ricJkcUDHGOXx19DoAPoFqXtZ8/P0EUFF5PYebk3MEuh4xqkEMgW4YHpuiZvfJ7/C90kfLx4Wg3RYZJ+iMg==}
    cpu: [arm64]
    os: [darwin]

  '@typescript/native-preview-darwin-x64@7.0.0-dev.20251215.1':
    resolution: {integrity: sha512-wZ89zZjZ5rf/suQHeIhQyyt8IzyJI9YjxpBhPtNwrE2wJmyG6qadN31g2GFIf40SfCy9FgibFTgMQMFq9oRdtA==}
    cpu: [x64]
    os: [darwin]

  '@typescript/native-preview-linux-arm64@7.0.0-dev.20251215.1':
    resolution: {integrity: sha512-OXV3VZhoxdPDuK/lw/oIeTomRu68wUHFNpe8bm3zCb2XU8AHkTHpyER2u/j+Fv592FaR10UmQ2FIFfhgKF1C4Q==}
    cpu: [arm64]
    os: [linux]

  '@typescript/native-preview-linux-arm@7.0.0-dev.20251215.1':
    resolution: {integrity: sha512-59gbNNUn9wRDSXbrweqQwkvLkLBhgF+dPmjIT7sX0NwTfWclYIqO5oXL0POXwF+8WoPLnHc0S0DhiXfSq0lAaw==}
    cpu: [arm]
    os: [linux]

  '@typescript/native-preview-linux-x64@7.0.0-dev.20251215.1':
    resolution: {integrity: sha512-YE9+BnhxztvmduHhPryx+q052471Y4ZfsKjo2GuFy+1CNS2ZF03cojeW7gpsV1+52Ey6JvoayGQvwEMSWC8Zug==}
    cpu: [x64]
    os: [linux]

  '@typescript/native-preview-win32-arm64@7.0.0-dev.20251215.1':
    resolution: {integrity: sha512-spZW/Gq+uVbeMB2m+WsvU5ElCbvzwSmokEiSDcUhbY/0gICbVKQw0pChsZUibTjqYQmkyOXbx7CwnW9qOisZ7A==}
    cpu: [arm64]
    os: [win32]

  '@typescript/native-preview-win32-x64@7.0.0-dev.20251215.1':
    resolution: {integrity: sha512-tvq8PbFmgy8C+oBw2UUbFbIndOuRfzf62S4ARDkmLxv7wvVysyv3Eai0wdv1xdJdPTLkaar7IOd1NqiN9Dw4kA==}
    cpu: [x64]
    os: [win32]

  '@typescript/native-preview@7.0.0-dev.20251215.1':
    resolution: {integrity: sha512-l9hUMsS+EsiwSp/CXc3JSMVEwXnK/SCv6yTwFPGghDOwPk+BOvj0Y3ANrez2gsmB9vkotLwq5HAEfeDhkuAsqQ==}
    hasBin: true

  acorn-walk@8.3.4:
    resolution: {integrity: sha512-ueEepnujpqee2o5aIYnvHU6C0A42MNdsIDeqy5BydrkuC5R1ZuUFnm27EeFJGoEHJQgn3uleRvmTXaJgfXbt4g==}
    engines: {node: '>=0.4.0'}

  acorn@8.15.0:
    resolution: {integrity: sha512-NZyJarBfL7nWwIq+FDL6Zp/yHEhePMNnnJ0y3qfieCrmNvYct8uvtiV41UvlSe6apAfk0fY1FbWx+NwfmpvtTg==}
    engines: {node: '>=0.4.0'}
    hasBin: true

  balanced-match@1.0.2:
    resolution: {integrity: sha512-3oSeUO0TMV67hN1AmbXsK4yaqU7tjiHlbxRDZOpH0KW9+CeX4bRAaX0Anxt0tx2MrpRpWwQaPwIlISEJhYU5Pw==}

  brace-expansion@1.1.12:
    resolution: {integrity: sha512-9T9UjW3r0UW5c1Q7GTwllptXwhvYmEzFhzMfZ9H7FQWt+uZePjZPjBP/W1ZEyZ1twGWom5/56TF4lPcqjnDHcg==}

  bundle-name@4.1.0:
    resolution: {integrity: sha512-tjwM5exMg6BGRI+kNmTntNsvdZS1X8BFYS6tnJ2hdH0kVxM6/eVZ2xy+FqStSWvYmtfFMDLIxurorHwDKfDz5Q==}
    engines: {node: '>=18'}

  concat-map@0.0.1:
    resolution: {integrity: sha512-/Srv4dswyQNBfohGpz9o6Yb3Gz3SrUDqBH5rTuhGR7ahtlbYKnVxw2bCFMRljaA7EXHaXZ8wsHdodFvbkhKmqg==}

  cross-spawn@7.0.6:
    resolution: {integrity: sha512-uV2QOWP2nWzsy2aMp8aRibhi9dlzF5Hgh5SHaB9OiTGEyDTiJJyx0uy51QXdyWbtAHNua4XJzUKca3OzKUd3vA==}
    engines: {node: '>= 8'}

  cuint@0.2.2:
    resolution: {integrity: sha512-d4ZVpCW31eWwCMe1YT3ur7mUDnTXbgwyzaL320DrcRT45rfjYxkt5QWLrmOJ+/UEAI2+fQgKe/fCjR8l4TpRgw==}

  default-browser-id@5.0.1:
    resolution: {integrity: sha512-x1VCxdX4t+8wVfd1so/9w+vQ4vx7lKd2Qp5tDRutErwmR85OgmfX7RlLRMWafRMY7hbEiXIbudNrjOAPa/hL8Q==}
    engines: {node: '>=18'}

  default-browser@5.4.0:
    resolution: {integrity: sha512-XDuvSq38Hr1MdN47EDvYtx3U0MTqpCEn+F6ft8z2vYDzMrvQhVp0ui9oQdqW3MvK3vqUETglt1tVGgjLuJ5izg==}
    engines: {node: '>=18'}

  define-lazy-prop@3.0.0:
    resolution: {integrity: sha512-N+MeXYoqr3pOgn8xfyRPREN7gHakLYjhsHhWGT3fWAiL4IkAt0iDw14QiiEm2bE30c5XX5q0FtAA3CK5f9/BUg==}
    engines: {node: '>=12'}

  detect-libc@2.1.2:
    resolution: {integrity: sha512-Btj2BOOO83o3WyH59e8MgXsxEQVcarkUOpEYrubB0urwnN10yQ364rsiByU11nZlqWYZm05i/of7io4mzihBtQ==}
    engines: {node: '>=8'}

  dom-serializer@2.0.0:
    resolution: {integrity: sha512-wIkAryiqt/nV5EQKqQpo3SToSOV9J0DnbJqwK7Wv/Trc92zIAYZ4FlMu+JPFW1DfGFt81ZTCGgDEabffXeLyJg==}

  domelementtype@2.3.0:
    resolution: {integrity: sha512-OLETBj6w0OsagBwdXnPdN0cnMfF9opN69co+7ZrbfPGrdpPVNBUj02spi6B1N7wChLQiPn4CSH/zJvXw56gmHw==}

  domhandler@5.0.3:
    resolution: {integrity: sha512-cgwlv/1iFQiFnU96XXgROh8xTeetsnJiDsTc7TYCLFd9+/WNkIqPTxiM/8pSd8VIrhXGTf1Ny1q1hquVqDJB5w==}
    engines: {node: '>= 4'}

  domutils@3.2.2:
    resolution: {integrity: sha512-6kZKyUajlDuqlHKVX1w7gyslj9MPIXzIFiz/rGu35uC1wMi+kMhQwGhl4lt9unC9Vb9INnY9Z3/ZA3+FhASLaw==}

  entities@4.5.0:
    resolution: {integrity: sha512-V0hjH4dGPh9Ao5p0MoRY6BVqtwCjhz6vI5LT8AJ55H+4g9/4vbHx1I54fS0XuclLhDHArPQCiMjDxjaL8fPxhw==}
    engines: {node: '>=0.12'}

  entities@6.0.1:
    resolution: {integrity: sha512-aN97NXWF6AWBTahfVOIrB/NShkzi5H7F9r1s9mD3cDj4Ko5f2qhhVoYMibXF7GlLveb/D2ioWay8lxI97Ven3g==}
    engines: {node: '>=0.12'}

  fdir@6.5.0:
    resolution: {integrity: sha512-tIbYtZbucOs0BRGqPJkshJUYdL+SDH7dVM8gjy+ERp3WAUjLEFJE+02kanyHtwjWOnwrKYBiwAmM0p4kLJAnXg==}
    engines: {node: '>=12.0.0'}
    peerDependencies:
      picomatch: ^3 || ^4
    peerDependenciesMeta:
      picomatch:
        optional: true

  fsevents@2.3.3:
    resolution: {integrity: sha512-5xoDfX+fL7faATnagmWPpbFtwh/R77WmMMqqHGS65C3vvB0YHrgF+B1YmZ3441tMj5n63k0212XNoJwzlhffQw==}
    engines: {node: ^8.16.0 || ^10.6.0 || >=11.0.0}
    os: [darwin]

  htmlparser2@10.0.0:
    resolution: {integrity: sha512-TwAZM+zE5Tq3lrEHvOlvwgj1XLWQCtaaibSN11Q+gGBAS7Y1uZSWwXXRe4iF6OXnaq1riyQAPFOBtYc77Mxq0g==}

  import-meta-resolve@4.2.0:
    resolution: {integrity: sha512-Iqv2fzaTQN28s/FwZAoFq0ZSs/7hMAHJVX+w8PZl3cY19Pxk6jFFalxQoIfW2826i/fDLXv8IiEZRIT0lDuWcg==}

  is-docker@3.0.0:
    resolution: {integrity: sha512-eljcgEDlEns/7AXFosB5K/2nCM4P7FQPkGc/DWLy5rmFEWvZayGrik1d9/QIY5nJ4f9YsVvBkA6kJpHn9rISdQ==}
    engines: {node: ^12.20.0 || ^14.13.1 || >=16.0.0}
    hasBin: true

  is-inside-container@1.0.0:
    resolution: {integrity: sha512-KIYLCCJghfHZxqjYBE7rEy0OBuTd5xCHS7tHVgvCLkx7StIoaxwNW3hCALgEUjFfeRk+MG/Qxmp/vtETEF3tRA==}
    engines: {node: '>=14.16'}
    hasBin: true

  is-wsl@3.1.0:
    resolution: {integrity: sha512-UcVfVfaK4Sc4m7X3dUSoHoozQGBEFeDC+zVo06t98xe8CzHSZZBekNXH+tu0NalHolcJ/QAGqS46Hef7QXBIMw==}
    engines: {node: '>=16'}

  isexe@2.0.0:
    resolution: {integrity: sha512-RHxMLp9lnKHGHRng9QFhRCMbYAcVpn69smSGcq3f36xjgVVWThj4qqLbTLlq7Ssj8B+fIQ1EuCEGI2lKsyQeIw==}

  lightningcss-android-arm64@1.30.2:
    resolution: {integrity: sha512-BH9sEdOCahSgmkVhBLeU7Hc9DWeZ1Eb6wNS6Da8igvUwAe0sqROHddIlvU06q3WyXVEOYDZ6ykBZQnjTbmo4+A==}
    engines: {node: '>= 12.0.0'}
    cpu: [arm64]
    os: [android]

  lightningcss-darwin-arm64@1.30.2:
    resolution: {integrity: sha512-ylTcDJBN3Hp21TdhRT5zBOIi73P6/W0qwvlFEk22fkdXchtNTOU4Qc37SkzV+EKYxLouZ6M4LG9NfZ1qkhhBWA==}
    engines: {node: '>= 12.0.0'}
    cpu: [arm64]
    os: [darwin]

  lightningcss-darwin-x64@1.30.2:
    resolution: {integrity: sha512-oBZgKchomuDYxr7ilwLcyms6BCyLn0z8J0+ZZmfpjwg9fRVZIR5/GMXd7r9RH94iDhld3UmSjBM6nXWM2TfZTQ==}
    engines: {node: '>= 12.0.0'}
    cpu: [x64]
    os: [darwin]

  lightningcss-freebsd-x64@1.30.2:
    resolution: {integrity: sha512-c2bH6xTrf4BDpK8MoGG4Bd6zAMZDAXS569UxCAGcA7IKbHNMlhGQ89eRmvpIUGfKWNVdbhSbkQaWhEoMGmGslA==}
    engines: {node: '>= 12.0.0'}
    cpu: [x64]
    os: [freebsd]

  lightningcss-linux-arm-gnueabihf@1.30.2:
    resolution: {integrity: sha512-eVdpxh4wYcm0PofJIZVuYuLiqBIakQ9uFZmipf6LF/HRj5Bgm0eb3qL/mr1smyXIS1twwOxNWndd8z0E374hiA==}
    engines: {node: '>= 12.0.0'}
    cpu: [arm]
    os: [linux]

  lightningcss-linux-arm64-gnu@1.30.2:
    resolution: {integrity: sha512-UK65WJAbwIJbiBFXpxrbTNArtfuznvxAJw4Q2ZGlU8kPeDIWEX1dg3rn2veBVUylA2Ezg89ktszWbaQnxD/e3A==}
    engines: {node: '>= 12.0.0'}
    cpu: [arm64]
    os: [linux]

  lightningcss-linux-arm64-musl@1.30.2:
    resolution: {integrity: sha512-5Vh9dGeblpTxWHpOx8iauV02popZDsCYMPIgiuw97OJ5uaDsL86cnqSFs5LZkG3ghHoX5isLgWzMs+eD1YzrnA==}
    engines: {node: '>= 12.0.0'}
    cpu: [arm64]
    os: [linux]

  lightningcss-linux-x64-gnu@1.30.2:
    resolution: {integrity: sha512-Cfd46gdmj1vQ+lR6VRTTadNHu6ALuw2pKR9lYq4FnhvgBc4zWY1EtZcAc6EffShbb1MFrIPfLDXD6Xprbnni4w==}
    engines: {node: '>= 12.0.0'}
    cpu: [x64]
    os: [linux]

  lightningcss-linux-x64-musl@1.30.2:
    resolution: {integrity: sha512-XJaLUUFXb6/QG2lGIW6aIk6jKdtjtcffUT0NKvIqhSBY3hh9Ch+1LCeH80dR9q9LBjG3ewbDjnumefsLsP6aiA==}
    engines: {node: '>= 12.0.0'}
    cpu: [x64]
    os: [linux]

  lightningcss-win32-arm64-msvc@1.30.2:
    resolution: {integrity: sha512-FZn+vaj7zLv//D/192WFFVA0RgHawIcHqLX9xuWiQt7P0PtdFEVaxgF9rjM/IRYHQXNnk61/H/gb2Ei+kUQ4xQ==}
    engines: {node: '>= 12.0.0'}
    cpu: [arm64]
    os: [win32]

  lightningcss-win32-x64-msvc@1.30.2:
    resolution: {integrity: sha512-5g1yc73p+iAkid5phb4oVFMB45417DkRevRbt/El/gKXJk4jid+vPFF/AXbxn05Aky8PapwzZrdJShv5C0avjw==}
    engines: {node: '>= 12.0.0'}
    cpu: [x64]
    os: [win32]

  lightningcss@1.30.2:
    resolution: {integrity: sha512-utfs7Pr5uJyyvDETitgsaqSyjCb2qNRAtuqUeWIAKztsOYdcACf2KtARYXg2pSvhkt+9NfoaNY7fxjl6nuMjIQ==}
    engines: {node: '>= 12.0.0'}

  magic-string@0.30.21:
    resolution: {integrity: sha512-vd2F4YUyEXKGcLHoq+TEyCjxueSeHnFxyyjNp80yg0XV4vUhnDer/lvvlqM/arB5bXQN5K2/3oinyCRyx8T2CQ==}

  make-dir@3.1.0:
    resolution: {integrity: sha512-g3FeP20LNwhALb/6Cz6Dd4F2ngze0jz7tbzrD2wAV+o9FeNHe4rL+yK2md0J/fiSf1sa1ADhXqi5+oVwOM/eGw==}
    engines: {node: '>=8'}

  mime@2.5.2:
    resolution: {integrity: sha512-tqkh47FzKeCPD2PUiPB6pkbMzsCasjxAfC62/Wap5qrUWcb+sFasXUC5I3gYM5iBM8v/Qpn4UK0x+j0iHyFPDg==}
    engines: {node: '>=4.0.0'}
    hasBin: true

  minimatch@3.0.8:
    resolution: {integrity: sha512-6FsRAQsxQ61mw+qP1ZzbL9Bc78x2p5OqNgNpnoAFLTrX8n5Kxph0CsnhmKKNXTWjXqU5L0pGPR7hYk+XWZr60Q==}

  mrmime@2.0.1:
    resolution: {integrity: sha512-Y3wQdFg2Va6etvQ5I82yUhGdsKrcYox6p7FfL1LbK2J4V01F9TGlepTIhnK24t7koZibmg82KGglhA1XK5IsLQ==}
    engines: {node: '>=10'}

  nanoid@3.3.11:
    resolution: {integrity: sha512-N8SpfPUnUp1bK+PMYW8qSWdl9U+wwNWI4QKxOYDy9JAro3WMX7p2OeVRF9v+347pnakNevPmiHhNmZ2HbFA76w==}
    engines: {node: ^10 || ^12 || ^13.7 || ^14 || >=15.0.1}
    hasBin: true

  open@10.2.0:
    resolution: {integrity: sha512-YgBpdJHPyQ2UE5x+hlSXcnejzAvD0b22U2OuAP+8OnlJT+PjWPxtgmGqKKc+RgTM63U9gN0YzrYc71R2WT/hTA==}
    engines: {node: '>=18'}

  oxfmt@0.18.0:
    resolution: {integrity: sha512-XqVS+LQi7ARsFlIftB69+jGN2qQaJNBjQU2b9ZQYt+iaUV9digh+dBIsU0isQIZhaQ1ihxGFfsTYQXE/Oak8Qw==}
    engines: {node: ^20.19.0 || >=22.12.0}
    hasBin: true

  oxlint-tsgolint@0.9.1:
    resolution: {integrity: sha512-w1lIvUDkkiAPFyo268SFGrdh1LQ3Lcs1XShES7I4X75TliQA0os5XJ5hNZ4lYsSevqcofgEtq4xq7rBumv69iQ==}
    hasBin: true

  oxlint@1.33.0:
    resolution: {integrity: sha512-4WCL0K8jiOshwJ8WrVk35VAuVaZHC0iX6asjKsrENOrynkAAGcTLLx0Urf0eXZ1Tq7r+qAe3Z9EyHMFPzVyUkg==}
    engines: {node: ^20.19.0 || >=22.12.0}
    hasBin: true
    peerDependencies:
      oxlint-tsgolint: '>=0.9.0'
    peerDependenciesMeta:
      oxlint-tsgolint:
        optional: true

  path-key@3.1.1:
    resolution: {integrity: sha512-ojmeN0qd+y0jszEtoY48r0Peq5dwMEkIlCOu6Q5f41lfkswXuKtYrhgoTpLnyIcHm24Uhqx+5Tqm2InSwLhE6Q==}
    engines: {node: '>=8'}

  picocolors@1.1.1:
    resolution: {integrity: sha512-xceH2snhtb5M9liqDsmEw56le376mTZkEX/jEb/RxNFyegNul7eNslCXP9FDj/Lcu0X8KEyMceP2ntpaHrDEVA==}

  picomatch@4.0.3:
    resolution: {integrity: sha512-5gTmgEY/sqK6gFXLIsQNH19lWb4ebPDLA4SdLP7dsWkIXHWlG66oPuVvXSGFPppYZz8ZDZq0dYYrbHfBCVUb1Q==}
    engines: {node: '>=12'}

  postcss-url@10.1.3:
    resolution: {integrity: sha512-FUzyxfI5l2tKmXdYc6VTu3TWZsInayEKPbiyW+P6vmmIrrb4I6CGX0BFoewgYHLK+oIL5FECEK02REYRpBvUCw==}
    engines: {node: '>=10'}
    peerDependencies:
      postcss: ^8.0.0

  postcss@8.5.6:
    resolution: {integrity: sha512-3Ybi1tAuwAP9s0r1UQ2J4n5Y0G05bJkpUIO0/bI9MhwmD70S5aTWbXGBwxHrelT+XM1k6dM0pk+SwNkpTRN7Pg==}
    engines: {node: ^10 || ^12 || >=14}

  rolldown@1.0.0-beta.54:
    resolution: {integrity: sha512-3lIvjCWgjPL3gmiATUdV1NeVBGJZy6FdtwgLPol25tAkn46Q/MsVGfCSNswXwFOxGrxglPaN20IeALSIFuFyEg==}
    engines: {node: ^20.19.0 || >=22.12.0}
    hasBin: true

  run-applescript@7.1.0:
    resolution: {integrity: sha512-DPe5pVFaAsinSaV6QjQ6gdiedWDcRCbUuiQfQa2wmWV7+xC9bGulGI8+TdRmoFkAPaBXk8CrAbnlY2ISniJ47Q==}
    engines: {node: '>=18'}

  semver@6.3.1:
    resolution: {integrity: sha512-BR7VvDCVHO+q2xBEWskxS6DJE1qRnb7DxzUrogb71CWoSficBxYsiAGd+Kl0mmq/MprG9yArRkyrQxTO6XjMzA==}
    hasBin: true

  shebang-command@2.0.0:
    resolution: {integrity: sha512-kHxr2zZpYtdmrN1qDjrrX/Z1rR1kG8Dx+gkpK1G4eXmvXswmcE1hTWBWYUzlraYw1/yZp6YuDY77YtvbN0dmDA==}
    engines: {node: '>=8'}

  shebang-regex@3.0.0:
    resolution: {integrity: sha512-7++dFhtcx3353uBaq8DDR4NuxBetBzC7ZQOhmTQInHEd6bSrXdiEyzCvG07Z44UYdLShWUyXt5M/yhz8ekcb1A==}
    engines: {node: '>=8'}

  simple-icons@16.2.0:
    resolution: {integrity: sha512-SCV4cAX8O2M2WQ3QJm+3k4QdcUIJiBiwKNViQiOwPjWbFWgypzelviW+Bp0A2ij6r/DIEZpTTDcLgD/BE4aexQ==}
    engines: {node: '>=0.12.18'}

  source-map-js@1.2.1:
    resolution: {integrity: sha512-UXWMKhLOwVKb728IUtQPXxfYU+usdybtUrK/8uGE8CQMvrhOpwvzDBwj0QhSL7MQc7vIsISBG8VQ8+IDQxpfQA==}
    engines: {node: '>=0.10.0'}

  systemjs@6.15.1:
    resolution: {integrity: sha512-Nk8c4lXvMB98MtbmjX7JwJRgJOL8fluecYCfCeYBznwmpOs8Bf15hLM6z4z71EDAhQVrQrI+wt1aLWSXZq+hXA==}

  tinyglobby@0.2.15:
    resolution: {integrity: sha512-j2Zq4NyQYG5XMST4cbs02Ak8iJUdxRM0XI5QyxXuZOzKOINmWurp3smXu3y5wDcJrptwpSjgXHzIQxR0omXljQ==}
    engines: {node: '>=12.0.0'}

  tinypool@2.0.0:
    resolution: {integrity: sha512-/RX9RzeH2xU5ADE7n2Ykvmi9ED3FBGPAjw9u3zucrNNaEBIO0HPSYgL0NT7+3p147ojeSdaVu08F6hjpv31HJg==}
    engines: {node: ^20.0.0 || >=22.0.0}

  tslib@2.8.1:
    resolution: {integrity: sha512-oJFu94HQb+KVduSUQL7wnpmqnfmLsOA/nAh6b6EH0wCEoK0/mPeXU6c3wKDV83MkOuHPRHtSXKKU99IBazS/2w==}

  vite-plugin-monkey@7.1.8:
    resolution: {integrity: sha512-FGz1jlHcodt+L120UcHLiN0jXqQZdZHxLuHcGQg8Zjas6BulxLM1oiGUg3M95HbjYVFH6ygrOJoZ5YCYu1purw==}
    peerDependencies:
      vite: ^6.0.0 || ^7.0.0
    peerDependenciesMeta:
      vite:
        optional: true

  vite@8.0.0-beta.2:
    resolution: {integrity: sha512-PIkpGhNy7r5r6Sepwo07BDWf8vr6O4CXVBm+vg7aIpswvL0VNGTjok1qiNRypcqT9dhFQJggtPoubZwXM7yeAQ==}
    engines: {node: ^20.19.0 || >=22.12.0}
    hasBin: true
    peerDependencies:
      '@types/node': ^20.19.0 || >=22.12.0
      esbuild: ^0.25.0
      jiti: '>=1.21.0'
      less: ^4.0.0
      sass: ^1.70.0
      sass-embedded: ^1.70.0
      stylus: '>=0.54.8'
      sugarss: ^5.0.0
      terser: ^5.16.0
      tsx: ^4.8.1
      yaml: ^2.4.2
    peerDependenciesMeta:
      '@types/node':
        optional: true
      esbuild:
        optional: true
      jiti:
        optional: true
      less:
        optional: true
      sass:
        optional: true
      sass-embedded:
        optional: true
      stylus:
        optional: true
      sugarss:
        optional: true
      terser:
        optional: true
      tsx:
        optional: true
      yaml:
        optional: true

  which@2.0.2:
    resolution: {integrity: sha512-BLI3Tl1TW3Pvl70l3yq3Y64i+awpwXqsGBYWkkqMtnbXgrMD+yj7rhW0kuEDxzJaYXGjEW5ogapKNMEKNMjibA==}
    engines: {node: '>= 8'}
    hasBin: true

  wsl-utils@0.1.0:
    resolution: {integrity: sha512-h3Fbisa2nKGPxCpm89Hk33lBLsnaGBvctQopaBSOW/uIs6FTe1ATyAnKFJrzVs9vpGdsTe73WF3V4lIsk4Gacw==}
    engines: {node: '>=18'}

  xxhashjs@0.2.2:
    resolution: {integrity: sha512-AkTuIuVTET12tpsVIQo+ZU6f/qDmKuRUcjaqR+OIvm+aCBsZ95i7UVY5WJ9TMsSaZ0DA2WxoZ4acu0sPH+OKAw==}

snapshots:

  '@emnapi/core@1.7.1':
    dependencies:
      '@emnapi/wasi-threads': 1.1.0
      tslib: 2.8.1
    optional: true

  '@emnapi/runtime@1.7.1':
    dependencies:
      tslib: 2.8.1
    optional: true

  '@emnapi/wasi-threads@1.1.0':
    dependencies:
      tslib: 2.8.1
    optional: true

  '@jridgewell/sourcemap-codec@1.5.5': {}

  '@napi-rs/wasm-runtime@1.1.0':
    dependencies:
      '@emnapi/core': 1.7.1
      '@emnapi/runtime': 1.7.1
      '@tybys/wasm-util': 0.10.1
    optional: true

  '@oxc-project/runtime@0.102.0': {}

  '@oxc-project/types@0.102.0': {}

  '@oxfmt/darwin-arm64@0.18.0':
    optional: true

  '@oxfmt/darwin-x64@0.18.0':
    optional: true

  '@oxfmt/linux-arm64-gnu@0.18.0':
    optional: true

  '@oxfmt/linux-arm64-musl@0.18.0':
    optional: true

  '@oxfmt/linux-x64-gnu@0.18.0':
    optional: true

  '@oxfmt/linux-x64-musl@0.18.0':
    optional: true

  '@oxfmt/win32-arm64@0.18.0':
    optional: true

  '@oxfmt/win32-x64@0.18.0':
    optional: true

  '@oxlint-tsgolint/darwin-arm64@0.9.1':
    optional: true

  '@oxlint-tsgolint/darwin-x64@0.9.1':
    optional: true

  '@oxlint-tsgolint/linux-arm64@0.9.1':
    optional: true

  '@oxlint-tsgolint/linux-x64@0.9.1':
    optional: true

  '@oxlint-tsgolint/win32-arm64@0.9.1':
    optional: true

  '@oxlint-tsgolint/win32-x64@0.9.1':
    optional: true

  '@oxlint/darwin-arm64@1.33.0':
    optional: true

  '@oxlint/darwin-x64@1.33.0':
    optional: true

  '@oxlint/linux-arm64-gnu@1.33.0':
    optional: true

  '@oxlint/linux-arm64-musl@1.33.0':
    optional: true

  '@oxlint/linux-x64-gnu@1.33.0':
    optional: true

  '@oxlint/linux-x64-musl@1.33.0':
    optional: true

  '@oxlint/win32-arm64@1.33.0':
    optional: true

  '@oxlint/win32-x64@1.33.0':
    optional: true

  '@rolldown/binding-android-arm64@1.0.0-beta.54':
    optional: true

  '@rolldown/binding-darwin-arm64@1.0.0-beta.54':
    optional: true

  '@rolldown/binding-darwin-x64@1.0.0-beta.54':
    optional: true

  '@rolldown/binding-freebsd-x64@1.0.0-beta.54':
    optional: true

  '@rolldown/binding-linux-arm-gnueabihf@1.0.0-beta.54':
    optional: true

  '@rolldown/binding-linux-arm64-gnu@1.0.0-beta.54':
    optional: true

  '@rolldown/binding-linux-arm64-musl@1.0.0-beta.54':
    optional: true

  '@rolldown/binding-linux-x64-gnu@1.0.0-beta.54':
    optional: true

  '@rolldown/binding-linux-x64-musl@1.0.0-beta.54':
    optional: true

  '@rolldown/binding-openharmony-arm64@1.0.0-beta.54':
    optional: true

  '@rolldown/binding-wasm32-wasi@1.0.0-beta.54':
    dependencies:
      '@napi-rs/wasm-runtime': 1.1.0
    optional: true

  '@rolldown/binding-win32-arm64-msvc@1.0.0-beta.54':
    optional: true

  '@rolldown/binding-win32-x64-msvc@1.0.0-beta.54':
    optional: true

  '@rolldown/pluginutils@1.0.0-beta.54': {}

  '@tybys/wasm-util@0.10.1':
    dependencies:
      tslib: 2.8.1
    optional: true

  '@typescript/native-preview-darwin-arm64@7.0.0-dev.20251215.1':
    optional: true

  '@typescript/native-preview-darwin-x64@7.0.0-dev.20251215.1':
    optional: true

  '@typescript/native-preview-linux-arm64@7.0.0-dev.20251215.1':
    optional: true

  '@typescript/native-preview-linux-arm@7.0.0-dev.20251215.1':
    optional: true

  '@typescript/native-preview-linux-x64@7.0.0-dev.20251215.1':
    optional: true

  '@typescript/native-preview-win32-arm64@7.0.0-dev.20251215.1':
    optional: true

  '@typescript/native-preview-win32-x64@7.0.0-dev.20251215.1':
    optional: true

  '@typescript/native-preview@7.0.0-dev.20251215.1':
    optionalDependencies:
      '@typescript/native-preview-darwin-arm64': 7.0.0-dev.20251215.1
      '@typescript/native-preview-darwin-x64': 7.0.0-dev.20251215.1
      '@typescript/native-preview-linux-arm': 7.0.0-dev.20251215.1
      '@typescript/native-preview-linux-arm64': 7.0.0-dev.20251215.1
      '@typescript/native-preview-linux-x64': 7.0.0-dev.20251215.1
      '@typescript/native-preview-win32-arm64': 7.0.0-dev.20251215.1
      '@typescript/native-preview-win32-x64': 7.0.0-dev.20251215.1

  acorn-walk@8.3.4:
    dependencies:
      acorn: 8.15.0

  acorn@8.15.0: {}

  balanced-match@1.0.2: {}

  brace-expansion@1.1.12:
    dependencies:
      balanced-match: 1.0.2
      concat-map: 0.0.1

  bundle-name@4.1.0:
    dependencies:
      run-applescript: 7.1.0

  concat-map@0.0.1: {}

  cross-spawn@7.0.6:
    dependencies:
      path-key: 3.1.1
      shebang-command: 2.0.0
      which: 2.0.2

  cuint@0.2.2: {}

  default-browser-id@5.0.1: {}

  default-browser@5.4.0:
    dependencies:
      bundle-name: 4.1.0
      default-browser-id: 5.0.1

  define-lazy-prop@3.0.0: {}

  detect-libc@2.1.2: {}

  dom-serializer@2.0.0:
    dependencies:
      domelementtype: 2.3.0
      domhandler: 5.0.3
      entities: 4.5.0

  domelementtype@2.3.0: {}

  domhandler@5.0.3:
    dependencies:
      domelementtype: 2.3.0

  domutils@3.2.2:
    dependencies:
      dom-serializer: 2.0.0
      domelementtype: 2.3.0
      domhandler: 5.0.3

  entities@4.5.0: {}

  entities@6.0.1: {}

  fdir@6.5.0(picomatch@4.0.3):
    optionalDependencies:
      picomatch: 4.0.3

  fsevents@2.3.3:
    optional: true

  htmlparser2@10.0.0:
    dependencies:
      domelementtype: 2.3.0
      domhandler: 5.0.3
      domutils: 3.2.2
      entities: 6.0.1

  import-meta-resolve@4.2.0: {}

  is-docker@3.0.0: {}

  is-inside-container@1.0.0:
    dependencies:
      is-docker: 3.0.0

  is-wsl@3.1.0:
    dependencies:
      is-inside-container: 1.0.0

  isexe@2.0.0: {}

  lightningcss-android-arm64@1.30.2:
    optional: true

  lightningcss-darwin-arm64@1.30.2:
    optional: true

  lightningcss-darwin-x64@1.30.2:
    optional: true

  lightningcss-freebsd-x64@1.30.2:
    optional: true

  lightningcss-linux-arm-gnueabihf@1.30.2:
    optional: true

  lightningcss-linux-arm64-gnu@1.30.2:
    optional: true

  lightningcss-linux-arm64-musl@1.30.2:
    optional: true

  lightningcss-linux-x64-gnu@1.30.2:
    optional: true

  lightningcss-linux-x64-musl@1.30.2:
    optional: true

  lightningcss-win32-arm64-msvc@1.30.2:
    optional: true

  lightningcss-win32-x64-msvc@1.30.2:
    optional: true

  lightningcss@1.30.2:
    dependencies:
      detect-libc: 2.1.2
    optionalDependencies:
      lightningcss-android-arm64: 1.30.2
      lightningcss-darwin-arm64: 1.30.2
      lightningcss-darwin-x64: 1.30.2
      lightningcss-freebsd-x64: 1.30.2
      lightningcss-linux-arm-gnueabihf: 1.30.2
      lightningcss-linux-arm64-gnu: 1.30.2
      lightningcss-linux-arm64-musl: 1.30.2
      lightningcss-linux-x64-gnu: 1.30.2
      lightningcss-linux-x64-musl: 1.30.2
      lightningcss-win32-arm64-msvc: 1.30.2
      lightningcss-win32-x64-msvc: 1.30.2

  magic-string@0.30.21:
    dependencies:
      '@jridgewell/sourcemap-codec': 1.5.5

  make-dir@3.1.0:
    dependencies:
      semver: 6.3.1

  mime@2.5.2: {}

  minimatch@3.0.8:
    dependencies:
      brace-expansion: 1.1.12

  mrmime@2.0.1: {}

  nanoid@3.3.11: {}

  open@10.2.0:
    dependencies:
      default-browser: 5.4.0
      define-lazy-prop: 3.0.0
      is-inside-container: 1.0.0
      wsl-utils: 0.1.0

  oxfmt@0.18.0:
    dependencies:
      tinypool: 2.0.0
    optionalDependencies:
      '@oxfmt/darwin-arm64': 0.18.0
      '@oxfmt/darwin-x64': 0.18.0
      '@oxfmt/linux-arm64-gnu': 0.18.0
      '@oxfmt/linux-arm64-musl': 0.18.0
      '@oxfmt/linux-x64-gnu': 0.18.0
      '@oxfmt/linux-x64-musl': 0.18.0
      '@oxfmt/win32-arm64': 0.18.0
      '@oxfmt/win32-x64': 0.18.0

  oxlint-tsgolint@0.9.1:
    optionalDependencies:
      '@oxlint-tsgolint/darwin-arm64': 0.9.1
      '@oxlint-tsgolint/darwin-x64': 0.9.1
      '@oxlint-tsgolint/linux-arm64': 0.9.1
      '@oxlint-tsgolint/linux-x64': 0.9.1
      '@oxlint-tsgolint/win32-arm64': 0.9.1
      '@oxlint-tsgolint/win32-x64': 0.9.1

  oxlint@1.33.0(oxlint-tsgolint@0.9.1):
    optionalDependencies:
      '@oxlint/darwin-arm64': 1.33.0
      '@oxlint/darwin-x64': 1.33.0
      '@oxlint/linux-arm64-gnu': 1.33.0
      '@oxlint/linux-arm64-musl': 1.33.0
      '@oxlint/linux-x64-gnu': 1.33.0
      '@oxlint/linux-x64-musl': 1.33.0
      '@oxlint/win32-arm64': 1.33.0
      '@oxlint/win32-x64': 1.33.0
      oxlint-tsgolint: 0.9.1

  path-key@3.1.1: {}

  picocolors@1.1.1: {}

  picomatch@4.0.3: {}

  postcss-url@10.1.3(postcss@8.5.6):
    dependencies:
      make-dir: 3.1.0
      mime: 2.5.2
      minimatch: 3.0.8
      postcss: 8.5.6
      xxhashjs: 0.2.2

  postcss@8.5.6:
    dependencies:
      nanoid: 3.3.11
      picocolors: 1.1.1
      source-map-js: 1.2.1

  rolldown@1.0.0-beta.54:
    dependencies:
      '@oxc-project/types': 0.102.0
      '@rolldown/pluginutils': 1.0.0-beta.54
    optionalDependencies:
      '@rolldown/binding-android-arm64': 1.0.0-beta.54
      '@rolldown/binding-darwin-arm64': 1.0.0-beta.54
      '@rolldown/binding-darwin-x64': 1.0.0-beta.54
      '@rolldown/binding-freebsd-x64': 1.0.0-beta.54
      '@rolldown/binding-linux-arm-gnueabihf': 1.0.0-beta.54
      '@rolldown/binding-linux-arm64-gnu': 1.0.0-beta.54
      '@rolldown/binding-linux-arm64-musl': 1.0.0-beta.54
      '@rolldown/binding-linux-x64-gnu': 1.0.0-beta.54
      '@rolldown/binding-linux-x64-musl': 1.0.0-beta.54
      '@rolldown/binding-openharmony-arm64': 1.0.0-beta.54
      '@rolldown/binding-wasm32-wasi': 1.0.0-beta.54
      '@rolldown/binding-win32-arm64-msvc': 1.0.0-beta.54
      '@rolldown/binding-win32-x64-msvc': 1.0.0-beta.54

  run-applescript@7.1.0: {}

  semver@6.3.1: {}

  shebang-command@2.0.0:
    dependencies:
      shebang-regex: 3.0.0

  shebang-regex@3.0.0: {}

  simple-icons@16.2.0: {}

  source-map-js@1.2.1: {}

  systemjs@6.15.1: {}

  tinyglobby@0.2.15:
    dependencies:
      fdir: 6.5.0(picomatch@4.0.3)
      picomatch: 4.0.3

  tinypool@2.0.0: {}

  tslib@2.8.1:
    optional: true

  vite-plugin-monkey@7.1.8(postcss@8.5.6)(vite@8.0.0-beta.2):
    dependencies:
      acorn: 8.15.0
      acorn-walk: 8.3.4
      cross-spawn: 7.0.6
      htmlparser2: 10.0.0
      import-meta-resolve: 4.2.0
      magic-string: 0.30.21
      mrmime: 2.0.1
      open: 10.2.0
      picocolors: 1.1.1
      postcss-url: 10.1.3(postcss@8.5.6)
      systemjs: 6.15.1
    optionalDependencies:
      vite: 8.0.0-beta.2
    transitivePeerDependencies:
      - postcss

  vite@8.0.0-beta.2:
    dependencies:
      '@oxc-project/runtime': 0.102.0
      fdir: 6.5.0(picomatch@4.0.3)
      lightningcss: 1.30.2
      picomatch: 4.0.3
      postcss: 8.5.6
      rolldown: 1.0.0-beta.54
      tinyglobby: 0.2.15
    optionalDependencies:
      fsevents: 2.3.3

  which@2.0.2:
    dependencies:
      isexe: 2.0.0

  wsl-utils@0.1.0:
    dependencies:
      is-wsl: 3.1.0

  xxhashjs@0.2.2:
    dependencies:
      cuint: 0.2.2
