lockfileVersion: 5.4

specifiers:
  '@types/node': ^18.7.18
  autoprefixer: ^10.4.13
  postcss: ^8.4.20
  postcss-nesting: ^10.2.0
  sass: ^1.54.9
  typescript: ^4.6.4
  vite: ^3.1.0

devDependencies:
  '@types/node': 18.7.18
  autoprefixer: 10.4.13_postcss@8.4.20
  postcss: 8.4.20
  postcss-nesting: 10.2.0_postcss@8.4.20
  sass: 1.54.9
  typescript: 4.8.3
  vite: 3.1.3_sass@1.54.9

packages:

  /@csstools/selector-specificity/2.0.2_2xshye3abirqjlplmebvmaxyna:
    resolution: {integrity: sha512-IkpVW/ehM1hWKln4fCA3NzJU8KwD+kIOvPZA4cqxoJHtE21CCzjyp+Kxbu0i5I4tBNOlXPL9mjwnWlL0VEG4Fg==}
    engines: {node: ^12 || ^14 || >=16}
    peerDependencies:
      postcss: ^8.2
      postcss-selector-parser: ^6.0.10
    dependencies:
      postcss: 8.4.20
      postcss-selector-parser: 6.0.11
    dev: true

  /@esbuild/android-arm/0.15.8:
    resolution: {integrity: sha512-CyEWALmn+no/lbgbAJsbuuhT8s2J19EJGHkeyAwjbFJMrj80KJ9zuYsoAvidPTU7BgBf87r/sgae8Tw0dbOc4Q==}
    engines: {node: '>=12'}
    cpu: [arm]
    os: [android]
    requiresBuild: true
    dependencies:
      esbuild-wasm: 0.15.8
    dev: true
    optional: true

  /@esbuild/linux-loong64/0.15.8:
    resolution: {integrity: sha512-pE5RQsOTSERCtfZdfCT25wzo7dfhOSlhAXcsZmuvRYhendOv7djcdvtINdnDp2DAjP17WXlBB4nBO6sHLczmsg==}
    engines: {node: '>=12'}
    cpu: [loong64]
    os: [linux]
    requiresBuild: true
    dev: true
    optional: true

  /@types/node/18.7.18:
    resolution: {integrity: sha512-m+6nTEOadJZuTPkKR/SYK3A2d7FZrgElol9UP1Kae90VVU4a6mxnPuLiIW1m4Cq4gZ/nWb9GrdVXJCoCazDAbg==}
    dev: true

  /anymatch/3.1.2:
    resolution: {integrity: sha512-P43ePfOAIupkguHUycrc4qJ9kz8ZiuOUijaETwX7THt0Y/GNK7v0aa8rY816xWjZ7rJdA5XdMcpVFTKMq+RvWg==}
    engines: {node: '>= 8'}
    dependencies:
      normalize-path: 3.0.0
      picomatch: 2.3.1
    dev: true

  /autoprefixer/10.4.13_postcss@8.4.20:
    resolution: {integrity: sha512-49vKpMqcZYsJjwotvt4+h/BCjJVnhGwcLpDt5xkcaOG3eLrG/HUYLagrihYsQ+qrIBgIzX1Rw7a6L8I/ZA1Atg==}
    engines: {node: ^10 || ^12 || >=14}
    hasBin: true
    peerDependencies:
      postcss: ^8.1.0
    dependencies:
      browserslist: 4.21.4
      caniuse-lite: 1.0.30001439
      fraction.js: 4.2.0
      normalize-range: 0.1.2
      picocolors: 1.0.0
      postcss: 8.4.20
      postcss-value-parser: 4.2.0
    dev: true

  /binary-extensions/2.2.0:
    resolution: {integrity: sha512-jDctJ/IVQbZoJykoeHbhXpOlNBqGNcwXJKJog42E5HDPUwQTSdjCHdihjj0DlnheQ7blbT6dHOafNAiS8ooQKA==}
    engines: {node: '>=8'}
    dev: true

  /braces/3.0.2:
    resolution: {integrity: sha512-b8um+L1RzM3WDSzvhm6gIz1yfTbBt6YTlcEKAvsmqCZZFw46z626lVj9j1yEPW33H5H+lBQpZMP1k8l+78Ha0A==}
    engines: {node: '>=8'}
    dependencies:
      fill-range: 7.0.1
    dev: true

  /browserslist/4.21.4:
    resolution: {integrity: sha512-CBHJJdDmgjl3daYjN5Cp5kbTf1mUhZoS+beLklHIvkOWscs83YAhLlF3Wsh/lciQYAcbBJgTOD44VtG31ZM4Hw==}
    engines: {node: ^6 || ^7 || ^8 || ^9 || ^10 || ^11 || ^12 || >=13.7}
    hasBin: true
    dependencies:
      caniuse-lite: 1.0.30001439
      electron-to-chromium: 1.4.284
      node-releases: 2.0.7
      update-browserslist-db: 1.0.10_browserslist@4.21.4
    dev: true

  /caniuse-lite/1.0.30001439:
    resolution: {integrity: sha512-1MgUzEkoMO6gKfXflStpYgZDlFM7M/ck/bgfVCACO5vnAf0fXoNVHdWtqGU+MYca+4bL9Z5bpOVmR33cWW9G2A==}
    dev: true

  /chokidar/3.5.3:
    resolution: {integrity: sha512-Dr3sfKRP6oTcjf2JmUmFJfeVMvXBdegxB0iVQ5eb2V10uFJUCAS8OByZdVAyVb8xXNz3GjjTgj9kLWsZTqE6kw==}
    engines: {node: '>= 8.10.0'}
    dependencies:
      anymatch: 3.1.2
      braces: 3.0.2
      glob-parent: 5.1.2
      is-binary-path: 2.1.0
      is-glob: 4.0.3
      normalize-path: 3.0.0
      readdirp: 3.6.0
    optionalDependencies:
      fsevents: 2.3.2
    dev: true

  /cssesc/3.0.0:
    resolution: {integrity: sha512-/Tb/JcjK111nNScGob5MNtsntNM1aCNUDipB/TkwZFhyDrrE47SOx/18wF2bbjgc3ZzCSKW1T5nt5EbFoAz/Vg==}
    engines: {node: '>=4'}
    hasBin: true
    dev: true

  /electron-to-chromium/1.4.284:
    resolution: {integrity: sha512-M8WEXFuKXMYMVr45fo8mq0wUrrJHheiKZf6BArTKk9ZBYCKJEOU5H8cdWgDT+qCVZf7Na4lVUaZsA+h6uA9+PA==}
    dev: true

  /esbuild-android-64/0.15.8:
    resolution: {integrity: sha512-bVh8FIKOolF7/d4AMzt7xHlL0Ljr+mYKSHI39TJWDkybVWHdn6+4ODL3xZGHOxPpdRpitemXA1WwMKYBsw8dGw==}
    engines: {node: '>=12'}
    cpu: [x64]
    os: [android]
    requiresBuild: true
    dependencies:
      esbuild-wasm: 0.15.8
    dev: true
    optional: true

  /esbuild-android-arm64/0.15.8:
    resolution: {integrity: sha512-ReAMDAHuo0H1h9LxRabI6gwYPn8k6WiUeyxuMvx17yTrJO+SCnIfNc/TSPFvDwtK9MiyiKG/2dBYHouT/M0BXQ==}
    engines: {node: '>=12'}
    cpu: [arm64]
    os: [android]
    requiresBuild: true
    dev: true
    optional: true

  /esbuild-darwin-64/0.15.8:
    resolution: {integrity: sha512-KaKcGfJ+yto7Fo5gAj3xwxHMd1fBIKatpCHK8znTJLVv+9+NN2/tIPBqA4w5rBwjX0UqXDeIE2v1xJP+nGEXgA==}
    engines: {node: '>=12'}
    cpu: [x64]
    os: [darwin]
    requiresBuild: true
    dev: true
    optional: true

  /esbuild-darwin-arm64/0.15.8:
    resolution: {integrity: sha512-8tjEaBgAKnXCkP7bhEJmEqdG9HEV6oLkF36BrMzpfW2rgaw0c48Zrxe+9RlfeGvs6gDF4w+agXyTjikzsS3izw==}
    engines: {node: '>=12'}
    cpu: [arm64]
    os: [darwin]
    requiresBuild: true
    dev: true
    optional: true

  /esbuild-freebsd-64/0.15.8:
    resolution: {integrity: sha512-jaxcsGHYzn2L0/lffON2WfH4Nc+d/EwozVTP5K2v016zxMb5UQMhLoJzvLgBqHT1SG0B/mO+a+THnJCMVg15zw==}
    engines: {node: '>=12'}
    cpu: [x64]
    os: [freebsd]
    requiresBuild: true
    dev: true
    optional: true

  /esbuild-freebsd-arm64/0.15.8:
    resolution: {integrity: sha512-2xp2UlljMvX8HExtcg7VHaeQk8OBU0CSl1j18B5CcZmSDkLF9p3utuMXIopG3a08fr9Hv+Dz6+seSXUow/G51w==}
    engines: {node: '>=12'}
    cpu: [arm64]
    os: [freebsd]
    requiresBuild: true
    dev: true
    optional: true

  /esbuild-linux-32/0.15.8:
    resolution: {integrity: sha512-9u1E54BRz1FQMl86iaHK146+4ID2KYNxL3trLZT4QLLx3M7Q9n4lGG3lrzqUatGR2cKy8c33b0iaCzsItZWkFg==}
    engines: {node: '>=12'}
    cpu: [ia32]
    os: [linux]
    requiresBuild: true
    dev: true
    optional: true

  /esbuild-linux-64/0.15.8:
    resolution: {integrity: sha512-4HxrsN9eUzJXdVGMTYA5Xler82FuZUu21bXKN42zcLHHNKCAMPUzD62I+GwDhsdgUBAUj0tRXDdsQHgaP6v0HA==}
    engines: {node: '>=12'}
    cpu: [x64]
    os: [linux]
    requiresBuild: true
    dev: true
    optional: true

  /esbuild-linux-arm/0.15.8:
    resolution: {integrity: sha512-7DVBU9SFjX4+vBwt8tHsUCbE6Vvl6y6FQWHAgyw1lybC5gULqn/WnjHYHN2/LJaZRsDBvxWT4msEgwLGq1Wd3Q==}
    engines: {node: '>=12'}
    cpu: [arm]
    os: [linux]
    requiresBuild: true
    dev: true
    optional: true

  /esbuild-linux-arm64/0.15.8:
    resolution: {integrity: sha512-1OCm7Aq0tEJT70PbxmHSGYDLYP8DKH8r4Nk7/XbVzWaduo9beCjGBB+tGZIHK6DdTQ3h00/4Tb/70YMH/bOtKg==}
    engines: {node: '>=12'}
    cpu: [arm64]
    os: [linux]
    requiresBuild: true
    dev: true
    optional: true

  /esbuild-linux-mips64le/0.15.8:
    resolution: {integrity: sha512-yeFoNPVFPEzZvFYBfUQNG2TjGRaCyV1E27OcOg4LOtnGrxb2wA+mkW3luckyv1CEyd00mpAg7UdHx8nlx3ghgA==}
    engines: {node: '>=12'}
    cpu: [mips64el]
    os: [linux]
    requiresBuild: true
    dev: true
    optional: true

  /esbuild-linux-ppc64le/0.15.8:
    resolution: {integrity: sha512-CEyMMUUNabXibw8OSNmBXhOIGhnjNVl5Lpseiuf00iKN0V47oqDrbo4dsHz1wH62m49AR8iG8wpDlTqfYgKbtg==}
    engines: {node: '>=12'}
    cpu: [ppc64]
    os: [linux]
    requiresBuild: true
    dev: true
    optional: true

  /esbuild-linux-riscv64/0.15.8:
    resolution: {integrity: sha512-OCGSOaspMUjexSCU8ZiA0UnV/NiRU+s2vIfEcAQWQ6u32R+2luyfh/4ZaY6jFbylJE07Esc/yRvb9Q5fXuClXA==}
    engines: {node: '>=12'}
    cpu: [riscv64]
    os: [linux]
    requiresBuild: true
    dev: true
    optional: true

  /esbuild-linux-s390x/0.15.8:
    resolution: {integrity: sha512-RHdpdfxRTSrZXZJlFSLazFU4YwXLB5Rgf6Zr5rffqSsO4y9JybgtKO38bFwxZNlDXliYISXN/YROKrG9s7mZQA==}
    engines: {node: '>=12'}
    cpu: [s390x]
    os: [linux]
    requiresBuild: true
    dev: true
    optional: true

  /esbuild-netbsd-64/0.15.8:
    resolution: {integrity: sha512-VolFFRatBH09T5QMWhiohAWCOien1R1Uz9K0BRVVTBgBaVBt7eArsXTKxVhUgRf2vwu2c2SXkuP0r7HLG0eozw==}
    engines: {node: '>=12'}
    cpu: [x64]
    os: [netbsd]
    requiresBuild: true
    dev: true
    optional: true

  /esbuild-openbsd-64/0.15.8:
    resolution: {integrity: sha512-HTAPlg+n4kUeE/isQxlCfsOz0xJGNoT5LJ9oYZWFKABfVf4Ycu7Zlf5ITgOnrdheTkz8JeL/gISIOCFAoOXrSA==}
    engines: {node: '>=12'}
    cpu: [x64]
    os: [openbsd]
    requiresBuild: true
    dev: true
    optional: true

  /esbuild-sunos-64/0.15.8:
    resolution: {integrity: sha512-qMP/jR/FzcIOwKj+W+Lb+8Cfr8GZHbHUJxAPi7DUhNZMQ/6y7sOgRzlOSpRrbbUntrRZh0MqOyDhJ3Gpo6L1QA==}
    engines: {node: '>=12'}
    cpu: [x64]
    os: [sunos]
    requiresBuild: true
    dev: true
    optional: true

  /esbuild-wasm/0.15.8:
    resolution: {integrity: sha512-Y7uCl5RNO4URjlemjdx++ukVHEMt5s5AfMWYUnMiK4Sry+pPCvQIctzXq6r6FKCyGKjX6/NGMCqR2OX6aLxj0w==}
    engines: {node: '>=12'}
    hasBin: true
    requiresBuild: true
    dev: true
    optional: true

  /esbuild-windows-32/0.15.8:
    resolution: {integrity: sha512-RKR1QHh4iWzjUhkP8Yqi75PPz/KS+b8zw3wUrzw6oAkj+iU5Qtyj61ZDaSG3Qf2vc6hTIUiPqVTqBH0NpXFNwg==}
    engines: {node: '>=12'}
    cpu: [ia32]
    os: [win32]
    requiresBuild: true
    dev: true
    optional: true

  /esbuild-windows-64/0.15.8:
    resolution: {integrity: sha512-ag9ptYrsizgsR+PQE8QKeMqnosLvAMonQREpLw4evA4FFgOBMLEat/dY/9txbpozTw9eEOYyD3a4cE9yTu20FA==}
    engines: {node: '>=12'}
    cpu: [x64]
    os: [win32]
    requiresBuild: true
    dev: true
    optional: true

  /esbuild-windows-arm64/0.15.8:
    resolution: {integrity: sha512-dbpAb0VyPaUs9mgw65KRfQ9rqiWCHpNzrJusoPu+LpEoswosjt/tFxN7cd2l68AT4qWdBkzAjDLRon7uqMeWcg==}
    engines: {node: '>=12'}
    cpu: [arm64]
    os: [win32]
    requiresBuild: true
    dev: true
    optional: true

  /esbuild/0.15.8:
    resolution: {integrity: sha512-Remsk2dmr1Ia65sU+QasE6svJbsHe62lzR+CnjpUvbZ+uSYo1SitiOWPRfZQkCu82YWZBBKXiD/j0i//XWMZ+Q==}
    engines: {node: '>=12'}
    hasBin: true
    requiresBuild: true
    optionalDependencies:
      '@esbuild/android-arm': 0.15.8
      '@esbuild/linux-loong64': 0.15.8
      esbuild-android-64: 0.15.8
      esbuild-android-arm64: 0.15.8
      esbuild-darwin-64: 0.15.8
      esbuild-darwin-arm64: 0.15.8
      esbuild-freebsd-64: 0.15.8
      esbuild-freebsd-arm64: 0.15.8
      esbuild-linux-32: 0.15.8
      esbuild-linux-64: 0.15.8
      esbuild-linux-arm: 0.15.8
      esbuild-linux-arm64: 0.15.8
      esbuild-linux-mips64le: 0.15.8
      esbuild-linux-ppc64le: 0.15.8
      esbuild-linux-riscv64: 0.15.8
      esbuild-linux-s390x: 0.15.8
      esbuild-netbsd-64: 0.15.8
      esbuild-openbsd-64: 0.15.8
      esbuild-sunos-64: 0.15.8
      esbuild-windows-32: 0.15.8
      esbuild-windows-64: 0.15.8
      esbuild-windows-arm64: 0.15.8
    dev: true

  /escalade/3.1.1:
    resolution: {integrity: sha512-k0er2gUkLf8O0zKJiAhmkTnJlTvINGv7ygDNPbeIsX/TJjGJZHuh9B2UxbsaEkmlEo9MfhrSzmhIlhRlI2GXnw==}
    engines: {node: '>=6'}
    dev: true

  /fill-range/7.0.1:
    resolution: {integrity: sha512-qOo9F+dMUmC2Lcb4BbVvnKJxTPjCm+RRpe4gDuGrzkL7mEVl/djYSu2OdQ2Pa302N4oqkSg9ir6jaLWJ2USVpQ==}
    engines: {node: '>=8'}
    dependencies:
      to-regex-range: 5.0.1
    dev: true

  /fraction.js/4.2.0:
    resolution: {integrity: sha512-MhLuK+2gUcnZe8ZHlaaINnQLl0xRIGRfcGk2yl8xoQAfHrSsL3rYu6FCmBdkdbhc9EPlwyGHewaRsvwRMJtAlA==}
    dev: true

  /fsevents/2.3.2:
    resolution: {integrity: sha512-xiqMQR4xAeHTuB9uWm+fFRcIOgKBMiOBP+eXiyT7jsgVCq1bkVygt00oASowB7EdtpOHaaPgKt812P9ab+DDKA==}
    engines: {node: ^8.16.0 || ^10.6.0 || >=11.0.0}
    os: [darwin]
    requiresBuild: true
    dev: true
    optional: true

  /function-bind/1.1.1:
    resolution: {integrity: sha512-yIovAzMX49sF8Yl58fSCWJ5svSLuaibPxXQJFLmBObTuCr0Mf1KiPopGM9NiFjiYBCbfaa2Fh6breQ6ANVTI0A==}
    dev: true

  /glob-parent/5.1.2:
    resolution: {integrity: sha512-AOIgSQCepiJYwP3ARnGx+5VnTu2HBYdzbGP45eLw1vr3zB3vZLeyed1sC9hnbcOc9/SrMyM5RPQrkGz4aS9Zow==}
    engines: {node: '>= 6'}
    dependencies:
      is-glob: 4.0.3
    dev: true

  /has/1.0.3:
    resolution: {integrity: sha512-f2dvO0VU6Oej7RkWJGrehjbzMAjFp5/VKPp5tTpWIV4JHHZK1/BxbFRtf/siA2SWTe09caDmVtYYzWEIbBS4zw==}
    engines: {node: '>= 0.4.0'}
    dependencies:
      function-bind: 1.1.1
    dev: true

  /immutable/4.1.0:
    resolution: {integrity: sha512-oNkuqVTA8jqG1Q6c+UglTOD1xhC1BtjKI7XkCXRkZHrN5m18/XsnUp8Q89GkQO/z+0WjonSvl0FLhDYftp46nQ==}
    dev: true

  /is-binary-path/2.1.0:
    resolution: {integrity: sha512-ZMERYes6pDydyuGidse7OsHxtbI7WVeUEozgR/g7rd0xUimYNlvZRE/K2MgZTjWy725IfelLeVcEM97mmtRGXw==}
    engines: {node: '>=8'}
    dependencies:
      binary-extensions: 2.2.0
    dev: true

  /is-core-module/2.10.0:
    resolution: {integrity: sha512-Erxj2n/LDAZ7H8WNJXd9tw38GYM3dv8rk8Zcs+jJuxYTW7sozH+SS8NtrSjVL1/vpLvWi1hxy96IzjJ3EHTJJg==}
    dependencies:
      has: 1.0.3
    dev: true

  /is-extglob/2.1.1:
    resolution: {integrity: sha512-SbKbANkN603Vi4jEZv49LeVJMn4yGwsbzZworEoyEiutsN3nJYdbO36zfhGJ6QEDpOZIFkDtnq5JRxmvl3jsoQ==}
    engines: {node: '>=0.10.0'}
    dev: true

  /is-glob/4.0.3:
    resolution: {integrity: sha512-xelSayHH36ZgE7ZWhli7pW34hNbNl8Ojv5KVmkJD4hBdD3th8Tfk9vYasLM+mXWOZhFkgZfxhLSnrwRr4elSSg==}
    engines: {node: '>=0.10.0'}
    dependencies:
      is-extglob: 2.1.1
    dev: true

  /is-number/7.0.0:
    resolution: {integrity: sha512-41Cifkg6e8TylSpdtTpeLVMqvSBEVzTttHvERD741+pnZ8ANv0004MRL43QKPDlK9cGvNp6NZWZUBlbGXYxxng==}
    engines: {node: '>=0.12.0'}
    dev: true

  /nanoid/3.3.4:
    resolution: {integrity: sha512-MqBkQh/OHTS2egovRtLk45wEyNXwF+cokD+1YPf9u5VfJiRdAiRwB2froX5Co9Rh20xs4siNPm8naNotSD6RBw==}
    engines: {node: ^10 || ^12 || ^13.7 || ^14 || >=15.0.1}
    hasBin: true
    dev: true

  /node-releases/2.0.7:
    resolution: {integrity: sha512-EJ3rzxL9pTWPjk5arA0s0dgXpnyiAbJDE6wHT62g7VsgrgQgmmZ+Ru++M1BFofncWja+Pnn3rEr3fieRySAdKQ==}
    dev: true

  /normalize-path/3.0.0:
    resolution: {integrity: sha512-6eZs5Ls3WtCisHWp9S2GUy8dqkpGi4BVSz3GaqiE6ezub0512ESztXUwUB6C6IKbQkY2Pnb/mD4WYojCRwcwLA==}
    engines: {node: '>=0.10.0'}
    dev: true

  /normalize-range/0.1.2:
    resolution: {integrity: sha512-bdok/XvKII3nUpklnV6P2hxtMNrCboOjAcyBuQnWEhO665FwrSNRxU+AqpsyvO6LgGYPspN+lu5CLtw4jPRKNA==}
    engines: {node: '>=0.10.0'}
    dev: true

  /path-parse/1.0.7:
    resolution: {integrity: sha512-LDJzPVEEEPR+y48z93A0Ed0yXb8pAByGWo/k5YYdYgpY2/2EsOsksJrq7lOHxryrVOn1ejG6oAp8ahvOIQD8sw==}
    dev: true

  /picocolors/1.0.0:
    resolution: {integrity: sha512-1fygroTLlHu66zi26VoTDv8yRgm0Fccecssto+MhsZ0D/DGW2sm8E8AjW7NU5VVTRt5GxbeZ5qBuJr+HyLYkjQ==}
    dev: true

  /picomatch/2.3.1:
    resolution: {integrity: sha512-JU3teHTNjmE2VCGFzuY8EXzCDVwEqB2a8fsIvwaStHhAWJEeVd1o1QD80CU6+ZdEXXSLbSsuLwJjkCBWqRQUVA==}
    engines: {node: '>=8.6'}
    dev: true

  /postcss-nesting/10.2.0_postcss@8.4.20:
    resolution: {integrity: sha512-EwMkYchxiDiKUhlJGzWsD9b2zvq/r2SSubcRrgP+jujMXFzqvANLt16lJANC+5uZ6hjI7lpRmI6O8JIl+8l1KA==}
    engines: {node: ^12 || ^14 || >=16}
    peerDependencies:
      postcss: ^8.2
    dependencies:
      '@csstools/selector-specificity': 2.0.2_2xshye3abirqjlplmebvmaxyna
      postcss: 8.4.20
      postcss-selector-parser: 6.0.11
    dev: true

  /postcss-selector-parser/6.0.11:
    resolution: {integrity: sha512-zbARubNdogI9j7WY4nQJBiNqQf3sLS3wCP4WfOidu+p28LofJqDH1tcXypGrcmMHhDk2t9wGhCsYe/+szLTy1g==}
    engines: {node: '>=4'}
    dependencies:
      cssesc: 3.0.0
      util-deprecate: 1.0.2
    dev: true

  /postcss-value-parser/4.2.0:
    resolution: {integrity: sha512-1NNCs6uurfkVbeXG4S8JFT9t19m45ICnif8zWLd5oPSZ50QnwMfK+H3jv408d4jw/7Bttv5axS5IiHoLaVNHeQ==}
    dev: true

  /postcss/8.4.20:
    resolution: {integrity: sha512-6Q04AXR1212bXr5fh03u8aAwbLxAQNGQ/Q1LNa0VfOI06ZAlhPHtQvE4OIdpj4kLThXilalPnmDSOD65DcHt+g==}
    engines: {node: ^10 || ^12 || >=14}
    dependencies:
      nanoid: 3.3.4
      picocolors: 1.0.0
      source-map-js: 1.0.2
    dev: true

  /readdirp/3.6.0:
    resolution: {integrity: sha512-hOS089on8RduqdbhvQ5Z37A0ESjsqz6qnRcffsMU3495FuTdqSm+7bhJ29JvIOsBDEEnan5DPu9t3To9VRlMzA==}
    engines: {node: '>=8.10.0'}
    dependencies:
      picomatch: 2.3.1
    dev: true

  /resolve/1.22.1:
    resolution: {integrity: sha512-nBpuuYuY5jFsli/JIs1oldw6fOQCBioohqWZg/2hiaOybXOft4lonv85uDOKXdf8rhyK159cxU5cDcK/NKk8zw==}
    hasBin: true
    dependencies:
      is-core-module: 2.10.0
      path-parse: 1.0.7
      supports-preserve-symlinks-flag: 1.0.0
    dev: true

  /rollup/2.78.1:
    resolution: {integrity: sha512-VeeCgtGi4P+o9hIg+xz4qQpRl6R401LWEXBmxYKOV4zlF82lyhgh2hTZnheFUbANE8l2A41F458iwj2vEYaXJg==}
    engines: {node: '>=10.0.0'}
    hasBin: true
    optionalDependencies:
      fsevents: 2.3.2
    dev: true

  /sass/1.54.9:
    resolution: {integrity: sha512-xb1hjASzEH+0L0WI9oFjqhRi51t/gagWnxLiwUNMltA0Ab6jIDkAacgKiGYKM9Jhy109osM7woEEai6SXeJo5Q==}
    engines: {node: '>=12.0.0'}
    hasBin: true
    dependencies:
      chokidar: 3.5.3
      immutable: 4.1.0
      source-map-js: 1.0.2
    dev: true

  /source-map-js/1.0.2:
    resolution: {integrity: sha512-R0XvVJ9WusLiqTCEiGCmICCMplcCkIwwR11mOSD9CR5u+IXYdiseeEuXCVAjS54zqwkLcPNnmU4OeJ6tUrWhDw==}
    engines: {node: '>=0.10.0'}
    dev: true

  /supports-preserve-symlinks-flag/1.0.0:
    resolution: {integrity: sha512-ot0WnXS9fgdkgIcePe6RHNk1WA8+muPa6cSjeR3V8K27q9BB1rTE3R1p7Hv0z1ZyAc8s6Vvv8DIyWf681MAt0w==}
    engines: {node: '>= 0.4'}
    dev: true

  /to-regex-range/5.0.1:
    resolution: {integrity: sha512-65P7iz6X5yEr1cwcgvQxbbIw7Uk3gOy5dIdtZ4rDveLqhrdJP+Li/Hx6tyK0NEb+2GCyneCMJiGqrADCSNk8sQ==}
    engines: {node: '>=8.0'}
    dependencies:
      is-number: 7.0.0
    dev: true

  /typescript/4.8.3:
    resolution: {integrity: sha512-goMHfm00nWPa8UvR/CPSvykqf6dVV8x/dp0c5mFTMTIu0u0FlGWRioyy7Nn0PGAdHxpJZnuO/ut+PpQ8UiHAig==}
    engines: {node: '>=4.2.0'}
    hasBin: true
    dev: true

  /update-browserslist-db/1.0.10_browserslist@4.21.4:
    resolution: {integrity: sha512-OztqDenkfFkbSG+tRxBeAnCVPckDBcvibKd35yDONx6OU8N7sqgwc7rCbkJ/WcYtVRZ4ba68d6byhC21GFh7sQ==}
    hasBin: true
    peerDependencies:
      browserslist: '>= 4.21.0'
    dependencies:
      browserslist: 4.21.4
      escalade: 3.1.1
      picocolors: 1.0.0
    dev: true

  /util-deprecate/1.0.2:
    resolution: {integrity: sha512-EPD5q1uXyFxJpCrLnCc1nHnq3gOa6DZBocAIiI2TaSCA7VCJ1UJDMagCzIkXNsUYfD1daK//LTEQ8xiIbrHtcw==}
    dev: true

  /vite/3.1.3_sass@1.54.9:
    resolution: {integrity: sha512-/3XWiktaopByM5bd8dqvHxRt5EEgRikevnnrpND0gRfNkrMrPaGGexhtLCzv15RcCMtV2CLw+BPas8YFeSG0KA==}
    engines: {node: ^14.18.0 || >=16.0.0}
    hasBin: true
    peerDependencies:
      less: '*'
      sass: '*'
      stylus: '*'
      terser: ^5.4.0
    peerDependenciesMeta:
      less:
        optional: true
      sass:
        optional: true
      stylus:
        optional: true
      terser:
        optional: true
    dependencies:
      esbuild: 0.15.8
      postcss: 8.4.20
      resolve: 1.22.1
      rollup: 2.78.1
      sass: 1.54.9
    optionalDependencies:
      fsevents: 2.3.2
    dev: true
